github.com/blang/vfs v1.0.0 h1:AUZUgulCDzbaNjTRWEP45X7m/J10brAptZpSRKRZBZc=
github.com/blang/vfs v1.0.0/go.mod h1:jjuNUc/IKcRNNWC9NUCvz4fR9PZLPIKxEygtPs/4tSI=
github.com/gen2brain/go-fitz v1.20.2 h1:4FPJCU/ImQ32oojBsYn/+oTkRORxbAhAA+Yw1Fm97MA=
github.com/gen2brain/go-fitz v1.20.2/go.mod h1:YbQPODTC/UnQ/RK4JyD3zfpDQ19UKiV85nMMT3XpT0s=
golang.org/x/sync v0.1.0 h1:wsuoTGHzEhffawBOhz5CYhcrV4IdKZbEyZjBMuTp12o=
golang.org/x/sync v0.1.0/go.mod h1:RxMgew5VJxzue5/jJTE5uejpjVlOe/izrB70Jof72aM=
